
Microsoft Visual Studio Solution File, Format Version 12.00
# Visual Studio Version 17
VisualStudioVersion = 17.2.32630.192
MinimumVisualStudioVersion = 10.0.40219.1
Project("{9A19103F-16F7-4668-BE54-9A1E7A4F7556}") = "PollMd", "PollMd\PollMd.csproj", "{0B7674F0-29E9-4E1D-8C62-4E206A24B10C}"
EndProject
Project("{9A19103F-16F7-4668-BE54-9A1E7A4F7556}") = "LambdaNDelegates", "LambdaNDelegates\LambdaNDelegates.csproj", "{D0C899E9-A1E3-4AFB-9314-4A80A9B03102}"
EndProject
Project("{9A19103F-16F7-4668-BE54-9A1E7A4F7556}") = "DependencyInjection", "DependencyInjection\DependencyInjection.csproj", "{65384A3E-435F-4EF3-A665-CEE85375404C}"
EndProject
Project("{FAE04EC0-301F-11D3-BF4B-00C04F79EFBC}") = "OopConcepts", "OopConcepts\OopConcepts.csproj", "{CFF9A2CB-2784-4269-BFCE-A9886399AE08}"
EndProject
Global
	GlobalSection(SolutionConfigurationPlatforms) = preSolution
		Debug|Any CPU = Debug|Any CPU
		Release|Any CPU = Release|Any CPU
	EndGlobalSection
	GlobalSection(ProjectConfigurationPlatforms) = postSolution
		{0B7674F0-29E9-4E1D-8C62-4E206A24B10C}.Debug|Any CPU.ActiveCfg = Debug|Any CPU
		{0B7674F0-29E9-4E1D-8C62-4E206A24B10C}.Debug|Any CPU.Build.0 = Debug|Any CPU
		{0B7674F0-29E9-4E1D-8C62-4E206A24B10C}.Release|Any CPU.ActiveCfg = Release|Any CPU
		{0B7674F0-29E9-4E1D-8C62-4E206A24B10C}.Release|Any CPU.Build.0 = Release|Any CPU
		{D0C899E9-A1E3-4AFB-9314-4A80A9B03102}.Debug|Any CPU.ActiveCfg = Debug|Any CPU
		{D0C899E9-A1E3-4AFB-9314-4A80A9B03102}.Debug|Any CPU.Build.0 = Debug|Any CPU
		{D0C899E9-A1E3-4AFB-9314-4A80A9B03102}.Release|Any CPU.ActiveCfg = Release|Any CPU
		{D0C899E9-A1E3-4AFB-9314-4A80A9B03102}.Release|Any CPU.Build.0 = Release|Any CPU
		{65384A3E-435F-4EF3-A665-CEE85375404C}.Debug|Any CPU.ActiveCfg = Debug|Any CPU
		{65384A3E-435F-4EF3-A665-CEE85375404C}.Debug|Any CPU.Build.0 = Debug|Any CPU
		{65384A3E-435F-4EF3-A665-CEE85375404C}.Release|Any CPU.ActiveCfg = Release|Any CPU
		{65384A3E-435F-4EF3-A665-CEE85375404C}.Release|Any CPU.Build.0 = Release|Any CPU
		{CFF9A2CB-2784-4269-BFCE-A9886399AE08}.Debug|Any CPU.ActiveCfg = Debug|Any CPU
		{CFF9A2CB-2784-4269-BFCE-A9886399AE08}.Debug|Any CPU.Build.0 = Debug|Any CPU
		{CFF9A2CB-2784-4269-BFCE-A9886399AE08}.Release|Any CPU.ActiveCfg = Release|Any CPU
		{CFF9A2CB-2784-4269-BFCE-A9886399AE08}.Release|Any CPU.Build.0 = Release|Any CPU
	EndGlobalSection
	GlobalSection(SolutionProperties) = preSolution
		HideSolutionNode = FALSE
	EndGlobalSection
	GlobalSection(ExtensibilityGlobals) = postSolution
		SolutionGuid = {BCFC1F9A-4B73-40EF-B568-6949F1DB1446}
	EndGlobalSection
EndGlobal
